{
  "name": "hathora-et-labora-server",
  "version": "0.0.1",
  "lockfileVersion": 2,
  "requires": true,
  "packages": {
    "": {
      "name": "hathora-et-labora-server",
      "version": "0.0.1",
      "dependencies": {
        "hathora-et-labora-game": "0.4.2"
      },
      "devDependencies": {
        "typescript": "4.9.5"
      }
    },
    "node_modules/fast-shuffle": {
      "version": "5.0.2",
      "resolved": "https://registry.npmjs.org/fast-shuffle/-/fast-shuffle-5.0.2.tgz",
      "integrity": "sha512-YcFRFQfNJZ43G7M0Qig4Bg88U96EVXVryXFM1VYO4cAwe6PgELiyR2gNBKxXC1Be6t2eu1d8ptaLA9TtExFgvw==",
      "dependencies": {
        "fn-mt": "1.2.1"
      }
    },
    "node_modules/fn-mt": {
      "version": "1.2.1",
      "resolved": "https://registry.npmjs.org/fn-mt/-/fn-mt-1.2.1.tgz",
      "integrity": "sha512-pH4wCsSEfuaffWysGvOds36E9qVAoUK9Up9dWqNTx/qLTQobdOxriINVxd1xoQjMNn+ozMifc425mvgOgK21pQ=="
    },
    "node_modules/fn-pcg": {
      "version": "1.2.0",
      "resolved": "https://registry.npmjs.org/fn-pcg/-/fn-pcg-1.2.0.tgz",
      "integrity": "sha512-OEjadptiYKifBkHuT+YhZeg2tLYePVU6yvcWvi+lE2XzN6j4nP5QSGfv5d7NusqRXe/J5Wq11VV9UH8bm5bxHw==",
      "dependencies": {
        "pcg": "0.1.0",
        "ramda": "0.28.0"
      }
    },
    "node_modules/hathora-et-labora-game": {
      "version": "0.4.2",
      "resolved": "https://registry.npmjs.org/hathora-et-labora-game/-/hathora-et-labora-game-0.4.2.tgz",
      "integrity": "sha512-OfMB5dpBuUSRaLWLCatfZoQn6Hfx7pUuLzXCXm035O3XY3eCSmxFqZR31rDxIxlbmmsXJWGROi9Ux556rkzRrA==",
      "dependencies": {
        "fast-shuffle": "5.0.2",
        "fn-pcg": "1.2.0",
        "ramda": "0.28.0",
        "ts-pattern": "4.2.2"
      }
    },
    "node_modules/long": {
      "version": "3.2.0",
      "resolved": "https://registry.npmjs.org/long/-/long-3.2.0.tgz",
      "integrity": "sha512-ZYvPPOMqUwPoDsbJaR10iQJYnMuZhRTvHYl62ErLIEX7RgFlziSBUUvrt3OVfc47QlHHpzPZYP17g3Fv7oeJkg==",
      "engines": {
        "node": ">=0.6"
      }
    },
    "node_modules/pcg": {
      "version": "0.1.0",
      "resolved": "https://registry.npmjs.org/pcg/-/pcg-0.1.0.tgz",
      "integrity": "sha512-kIRInER1+TxqpIcvfvqwonxtSkpyyjjMU4FbqQTO0/aYqJR32d5vxRCw9ECuzDCjFdxQ3UXfUKvgK5HbaM5BSg==",
      "dependencies": {
        "long": "^3.2.0",
        "ramda": "^0.23.0"
      }
    },
    "node_modules/pcg/node_modules/ramda": {
      "version": "0.23.0",
      "resolved": "https://registry.npmjs.org/ramda/-/ramda-0.23.0.tgz",
      "integrity": "sha512-ZEg7VlLXEeDfdkmqGi/12/2n8vNlxdx3iU74GbEP6VN2Udx4jLTn6Fw0jU4sjmvaPKjrIZIYk8HBj7quaie97Q=="
    },
    "node_modules/ramda": {
      "version": "0.28.0",
      "resolved": "https://registry.npmjs.org/ramda/-/ramda-0.28.0.tgz",
      "integrity": "sha512-9QnLuG/kPVgWvMQ4aODhsBUFKOUmnbUnsSXACv+NCQZcHbeb+v8Lodp8OVxtRULN1/xOyYLLaL6npE6dMq5QTA==",
      "funding": {
        "type": "opencollective",
        "url": "https://opencollective.com/ramda"
      }
    },
    "node_modules/ts-pattern": {
      "version": "4.2.2",
      "resolved": "https://registry.npmjs.org/ts-pattern/-/ts-pattern-4.2.2.tgz",
      "integrity": "sha512-qzJMo2pbkUJWusRH5o8xR+xogn6RmvViyUgwBFTtRENLse470clCGjHDf6haWGZ1AOmk8XkEohUoBW8Uut6Scg=="
    },
    "node_modules/typescript": {
      "version": "4.9.5",
      "resolved": "https://registry.npmjs.org/typescript/-/typescript-4.9.5.tgz",
      "integrity": "sha512-1FXk9E2Hm+QzZQ7z+McJiHL4NW1F2EzMu9Nq9i3zAaGqibafqYwCVU6WyWAuyQRRzOlxou8xZSyXLEN8oKj24g==",
      "dev": true,
      "bin": {
        "tsc": "bin/tsc",
        "tsserver": "bin/tsserver"
      },
      "engines": {
        "node": ">=4.2.0"
      }
    }
  },
  "dependencies": {
    "fast-shuffle": {
      "version": "5.0.2",
      "resolved": "https://registry.npmjs.org/fast-shuffle/-/fast-shuffle-5.0.2.tgz",
      "integrity": "sha512-YcFRFQfNJZ43G7M0Qig4Bg88U96EVXVryXFM1VYO4cAwe6PgELiyR2gNBKxXC1Be6t2eu1d8ptaLA9TtExFgvw==",
      "requires": {
        "fn-mt": "1.2.1"
      }
    },
    "fn-mt": {
      "version": "1.2.1",
      "resolved": "https://registry.npmjs.org/fn-mt/-/fn-mt-1.2.1.tgz",
      "integrity": "sha512-pH4wCsSEfuaffWysGvOds36E9qVAoUK9Up9dWqNTx/qLTQobdOxriINVxd1xoQjMNn+ozMifc425mvgOgK21pQ=="
    },
    "fn-pcg": {
      "version": "1.2.0",
      "resolved": "https://registry.npmjs.org/fn-pcg/-/fn-pcg-1.2.0.tgz",
      "integrity": "sha512-OEjadptiYKifBkHuT+YhZeg2tLYePVU6yvcWvi+lE2XzN6j4nP5QSGfv5d7NusqRXe/J5Wq11VV9UH8bm5bxHw==",
      "requires": {
        "pcg": "0.1.0",
        "ramda": "0.28.0"
      }
    },
    "hathora-et-labora-game": {
      "version": "0.4.2",
      "resolved": "https://registry.npmjs.org/hathora-et-labora-game/-/hathora-et-labora-game-0.4.2.tgz",
      "integrity": "sha512-OfMB5dpBuUSRaLWLCatfZoQn6Hfx7pUuLzXCXm035O3XY3eCSmxFqZR31rDxIxlbmmsXJWGROi9Ux556rkzRrA==",
      "requires": {
        "fast-shuffle": "5.0.2",
        "fn-pcg": "1.2.0",
        "ramda": "0.28.0",
        "ts-pattern": "4.2.2"
      }
    },
    "long": {
      "version": "3.2.0",
      "resolved": "https://registry.npmjs.org/long/-/long-3.2.0.tgz",
      "integrity": "sha512-ZYvPPOMqUwPoDsbJaR10iQJYnMuZhRTvHYl62ErLIEX7RgFlziSBUUvrt3OVfc47QlHHpzPZYP17g3Fv7oeJkg=="
    },
    "pcg": {
      "version": "0.1.0",
      "resolved": "https://registry.npmjs.org/pcg/-/pcg-0.1.0.tgz",
      "integrity": "sha512-kIRInER1+TxqpIcvfvqwonxtSkpyyjjMU4FbqQTO0/aYqJR32d5vxRCw9ECuzDCjFdxQ3UXfUKvgK5HbaM5BSg==",
      "requires": {
        "long": "^3.2.0",
        "ramda": "^0.23.0"
      },
      "dependencies": {
        "ramda": {
          "version": "0.23.0",
          "resolved": "https://registry.npmjs.org/ramda/-/ramda-0.23.0.tgz",
          "integrity": "sha512-ZEg7VlLXEeDfdkmqGi/12/2n8vNlxdx3iU74GbEP6VN2Udx4jLTn6Fw0jU4sjmvaPKjrIZIYk8HBj7quaie97Q=="
        }
      }
    },
    "ramda": {
      "version": "0.28.0",
      "resolved": "https://registry.npmjs.org/ramda/-/ramda-0.28.0.tgz",
      "integrity": "sha512-9QnLuG/kPVgWvMQ4aODhsBUFKOUmnbUnsSXACv+NCQZcHbeb+v8Lodp8OVxtRULN1/xOyYLLaL6npE6dMq5QTA=="
    },
    "ts-pattern": {
      "version": "4.2.2",
      "resolved": "https://registry.npmjs.org/ts-pattern/-/ts-pattern-4.2.2.tgz",
      "integrity": "sha512-qzJMo2pbkUJWusRH5o8xR+xogn6RmvViyUgwBFTtRENLse470clCGjHDf6haWGZ1AOmk8XkEohUoBW8Uut6Scg=="
    },
    "typescript": {
      "version": "4.9.5",
      "resolved": "https://registry.npmjs.org/typescript/-/typescript-4.9.5.tgz",
      "integrity": "sha512-1FXk9E2Hm+QzZQ7z+McJiHL4NW1F2EzMu9Nq9i3zAaGqibafqYwCVU6WyWAuyQRRzOlxou8xZSyXLEN8oKj24g==",
      "dev": true
    }
  }
}
