{
  "name": "hathora-et-labora-server",
  "version": "0.0.1",
  "lockfileVersion": 2,
  "requires": true,
  "packages": {
    "": {
      "name": "hathora-et-labora-server",
      "version": "0.0.1",
      "dependencies": {
        "hathora-et-labora-game": "0.18.0"
      },
      "devDependencies": {
        "typescript": "5.1.6"
      }
    },
    "node_modules/fast-shuffle": {
      "version": "6.0.1",
      "resolved": "https://registry.npmjs.org/fast-shuffle/-/fast-shuffle-6.0.1.tgz",
      "integrity": "sha512-hzvJr6LEBCsK0hKiOIndVmpmv6BDi5MxWqD0YubjG2SDHV6WLAEI8DTgHXR0odz3Mp2MC7y/A/KTqpS3RMhngA==",
      "dependencies": {
        "pcg": "1.0.0"
      }
    },
    "node_modules/fn-pcg": {
      "version": "2.0.1",
      "resolved": "https://registry.npmjs.org/fn-pcg/-/fn-pcg-2.0.1.tgz",
      "integrity": "sha512-a7OHtEqIk4WRufEjqGepbX3YATjU6AXnjQt0HuPqjVe6YGIc6+9KxDqhPsUIWOGBUPGmvKCCQxguyQJchg0Gog==",
      "dependencies": {
        "long": "5.2.3",
        "ramda": "0.29.0"
      }
    },
    "node_modules/hathora-et-labora-game": {
      "version": "0.18.0",
      "resolved": "https://registry.npmjs.org/hathora-et-labora-game/-/hathora-et-labora-game-0.18.0.tgz",
      "integrity": "sha512-nUVDPbHM2wr67bcgscopu7GKO014a4NTgvv+sdNA28JSX9u03LC6jLQv8KJuRntpZVntcJiqI0PBw4uW2bgN9w==",
      "dependencies": {
        "fast-shuffle": "6.0.1",
        "fn-pcg": "2.0.1",
        "ramda": "0.29.0",
        "ts-pattern": "5.0.5"
      }
    },
    "node_modules/long": {
      "version": "5.2.3",
      "resolved": "https://registry.npmjs.org/long/-/long-5.2.3.tgz",
      "integrity": "sha512-lcHwpNoggQTObv5apGNCTdJrO69eHOZMi4BNC+rTLER8iHAqGrUVeLh/irVIM7zTw2bOXA8T6uNPeujwOLg/2Q=="
    },
    "node_modules/pcg": {
      "version": "1.0.0",
      "resolved": "https://registry.npmjs.org/pcg/-/pcg-1.0.0.tgz",
      "integrity": "sha512-6wjoSJZ4TEJhI0rLDOKd5mOu6TwS4svn9oBaRsD1PCrhlDNLWAaTimWJgBABmIGJxzkI+RbaHJYRLGVf9QFE5Q==",
      "dependencies": {
        "long": "5.2.3",
        "ramda": "0.29.0"
      }
    },
    "node_modules/ramda": {
      "version": "0.29.0",
      "resolved": "https://registry.npmjs.org/ramda/-/ramda-0.29.0.tgz",
      "integrity": "sha512-BBea6L67bYLtdbOqfp8f58fPMqEwx0doL+pAi8TZyp2YWz8R9G8z9x75CZI8W+ftqhFHCpEX2cRnUUXK130iKA==",
      "funding": {
        "type": "opencollective",
        "url": "https://opencollective.com/ramda"
      }
    },
    "node_modules/ts-pattern": {
      "version": "5.0.5",
      "resolved": "https://registry.npmjs.org/ts-pattern/-/ts-pattern-5.0.5.tgz",
      "integrity": "sha512-tL0w8U/pgaacOmkb9fRlYzWEUDCfVjjv9dD4wHTgZ61MjhuMt46VNWTG747NqW6vRzoWIKABVhFSOJ82FvXrfA=="
    },
    "node_modules/typescript": {
      "version": "5.1.6",
      "resolved": "https://registry.npmjs.org/typescript/-/typescript-5.1.6.tgz",
      "integrity": "sha512-zaWCozRZ6DLEWAWFrVDz1H6FVXzUSfTy5FUMWsQlU8Ym5JP9eO4xkTIROFCQvhQf61z6O/G6ugw3SgAnvvm+HA==",
      "dev": true,
      "bin": {
        "tsc": "bin/tsc",
        "tsserver": "bin/tsserver"
      },
      "engines": {
        "node": ">=14.17"
      }
    }
  },
  "dependencies": {
    "fast-shuffle": {
      "version": "6.0.1",
      "resolved": "https://registry.npmjs.org/fast-shuffle/-/fast-shuffle-6.0.1.tgz",
      "integrity": "sha512-hzvJr6LEBCsK0hKiOIndVmpmv6BDi5MxWqD0YubjG2SDHV6WLAEI8DTgHXR0odz3Mp2MC7y/A/KTqpS3RMhngA==",
      "requires": {
        "pcg": "1.0.0"
      }
    },
    "fn-pcg": {
      "version": "2.0.1",
      "resolved": "https://registry.npmjs.org/fn-pcg/-/fn-pcg-2.0.1.tgz",
      "integrity": "sha512-a7OHtEqIk4WRufEjqGepbX3YATjU6AXnjQt0HuPqjVe6YGIc6+9KxDqhPsUIWOGBUPGmvKCCQxguyQJchg0Gog==",
      "requires": {
        "long": "5.2.3",
        "ramda": "0.29.0"
      }
    },
    "hathora-et-labora-game": {
      "version": "0.18.0",
      "resolved": "https://registry.npmjs.org/hathora-et-labora-game/-/hathora-et-labora-game-0.18.0.tgz",
      "integrity": "sha512-nUVDPbHM2wr67bcgscopu7GKO014a4NTgvv+sdNA28JSX9u03LC6jLQv8KJuRntpZVntcJiqI0PBw4uW2bgN9w==",
      "requires": {
        "fast-shuffle": "6.0.1",
        "fn-pcg": "2.0.1",
        "ramda": "0.29.0",
        "ts-pattern": "5.0.5"
      }
    },
    "long": {
      "version": "5.2.3",
      "resolved": "https://registry.npmjs.org/long/-/long-5.2.3.tgz",
      "integrity": "sha512-lcHwpNoggQTObv5apGNCTdJrO69eHOZMi4BNC+rTLER8iHAqGrUVeLh/irVIM7zTw2bOXA8T6uNPeujwOLg/2Q=="
    },
    "pcg": {
      "version": "1.0.0",
      "resolved": "https://registry.npmjs.org/pcg/-/pcg-1.0.0.tgz",
      "integrity": "sha512-6wjoSJZ4TEJhI0rLDOKd5mOu6TwS4svn9oBaRsD1PCrhlDNLWAaTimWJgBABmIGJxzkI+RbaHJYRLGVf9QFE5Q==",
      "requires": {
        "long": "5.2.3",
        "ramda": "0.29.0"
      }
    },
    "ramda": {
      "version": "0.29.0",
      "resolved": "https://registry.npmjs.org/ramda/-/ramda-0.29.0.tgz",
      "integrity": "sha512-BBea6L67bYLtdbOqfp8f58fPMqEwx0doL+pAi8TZyp2YWz8R9G8z9x75CZI8W+ftqhFHCpEX2cRnUUXK130iKA=="
    },
    "ts-pattern": {
      "version": "5.0.5",
      "resolved": "https://registry.npmjs.org/ts-pattern/-/ts-pattern-5.0.5.tgz",
      "integrity": "sha512-tL0w8U/pgaacOmkb9fRlYzWEUDCfVjjv9dD4wHTgZ61MjhuMt46VNWTG747NqW6vRzoWIKABVhFSOJ82FvXrfA=="
    },
    "typescript": {
      "version": "5.1.6",
      "resolved": "https://registry.npmjs.org/typescript/-/typescript-5.1.6.tgz",
      "integrity": "sha512-zaWCozRZ6DLEWAWFrVDz1H6FVXzUSfTy5FUMWsQlU8Ym5JP9eO4xkTIROFCQvhQf61z6O/G6ugw3SgAnvvm+HA==",
      "dev": true
    }
  }
}
